
Microsoft Visual Studio Solution File, Format Version 12.00
# Visual Studio Version 17
VisualStudioVersion = 17.10.35027.167
MinimumVisualStudioVersion = 10.0.40219.1
Project("{9A19103F-16F7-4668-BE54-9A1E7A4F7556}") = "gdrive-backup-background-service", "gdrive-backup-background-service.csproj", "{5BDB6515-3ADC-443C-8D58-A2EDDE705EB6}"
EndProject
Global
	GlobalSection(SolutionConfigurationPlatforms) = preSolution
		Debug|Any CPU = Debug|Any CPU
		Release|Any CPU = Release|Any CPU
	EndGlobalSection
	GlobalSection(ProjectConfigurationPlatforms) = postSolution
		{5BDB6515-3ADC-443C-8D58-A2EDDE705EB6}.Debug|Any CPU.ActiveCfg = Debug|Any CPU
		{5BDB6515-3ADC-443C-8D58-A2EDDE705EB6}.Debug|Any CPU.Build.0 = Debug|Any CPU
		{5BDB6515-3ADC-443C-8D58-A2EDDE705EB6}.Release|Any CPU.ActiveCfg = Release|Any CPU
		{5BDB6515-3ADC-443C-8D58-A2EDDE705EB6}.Release|Any CPU.Build.0 = Release|Any CPU
	EndGlobalSection
	GlobalSection(SolutionProperties) = preSolution
		HideSolutionNode = FALSE
	EndGlobalSection
	GlobalSection(ExtensibilityGlobals) = postSolution
		SolutionGuid = {1CB29A9E-419F-40EA-A97E-37805B8FBA0B}
	EndGlobalSection
EndGlobal
